
Microsoft Visual Studio Solution File, Format Version 12.00
# Visual Studio Version 17
VisualStudioVersion = 17.0.31903.59
MinimumVisualStudioVersion = 10.0.40219.1
Project("{FAE04EC0-301F-11D3-BF4B-00C04F79EFBC}") = "FireDB", "FireDB\FireDB.csproj", "{146B9D88-280C-4735-A54F-A9DF772A9084}"
EndProject
Global
	GlobalSection(SolutionConfigurationPlatforms) = preSolution
		Debug|Any CPU = Debug|Any CPU
		Release|Any CPU = Release|Any CPU
	EndGlobalSection
	GlobalSection(SolutionProperties) = preSolution
		HideSolutionNode = FALSE
	EndGlobalSection
	GlobalSection(ProjectConfigurationPlatforms) = postSolution
		{146B9D88-280C-4735-A54F-A9DF772A9084}.Debug|Any CPU.ActiveCfg = Debug|Any CPU
		{146B9D88-280C-4735-A54F-A9DF772A9084}.Debug|Any CPU.Build.0 = Debug|Any CPU
		{146B9D88-280C-4735-A54F-A9DF772A9084}.Release|Any CPU.ActiveCfg = Release|Any CPU
		{146B9D88-280C-4735-A54F-A9DF772A9084}.Release|Any CPU.Build.0 = Release|Any CPU
	EndGlobalSection
EndGlobal
